// !$*UTF8*$!
{
	archiveVersion = 1;
	classes = {
	};
	objectVersion = 50;
	objects = {

/* Begin PBXBuildFile section */
		9951C94521ED85E900F8A401 /* YPTitleView.swift in Sources */ = {isa = PBXBuildFile; fileRef = 9951C94421ED85E900F8A401 /* YPTitleView.swift */; };
		99CF294721EC8485000A9D3E /* AppDelegate.swift in Sources */ = {isa = PBXBuildFile; fileRef = 99CF294621EC8485000A9D3E /* AppDelegate.swift */; };
		99CF294921EC8485000A9D3E /* ViewController.swift in Sources */ = {isa = PBXBuildFile; fileRef = 99CF294821EC8485000A9D3E /* ViewController.swift */; };
		99CF294C21EC8485000A9D3E /* Main.storyboard in Resources */ = {isa = PBXBuildFile; fileRef = 99CF294A21EC8485000A9D3E /* Main.storyboard */; };
		99CF294E21EC8487000A9D3E /* Assets.xcassets in Resources */ = {isa = PBXBuildFile; fileRef = 99CF294D21EC8487000A9D3E /* Assets.xcassets */; };
		99CF295121EC8487000A9D3E /* LaunchScreen.storyboard in Resources */ = {isa = PBXBuildFile; fileRef = 99CF294F21EC8487000A9D3E /* LaunchScreen.storyboard */; };
		99CF295C21EC8487000A9D3E /* YPPageViewTests.swift in Sources */ = {isa = PBXBuildFile; fileRef = 99CF295B21EC8487000A9D3E /* YPPageViewTests.swift */; };
		99CF296721EC8487000A9D3E /* YPPageViewUITests.swift in Sources */ = {isa = PBXBuildFile; fileRef = 99CF296621EC8487000A9D3E /* YPPageViewUITests.swift */; };
		99CF297B21EC84AE000A9D3E /* YPPageCollectionLayout.swift in Sources */ = {isa = PBXBuildFile; fileRef = 99CF297521EC84AE000A9D3E /* YPPageCollectionLayout.swift */; };
		99CF297C21EC84AE000A9D3E /* YPPageCollectionView.swift in Sources */ = {isa = PBXBuildFile; fileRef = 99CF297621EC84AE000A9D3E /* YPPageCollectionView.swift */; };
		99CF297E21EC84AE000A9D3E /* YPPageView.swift in Sources */ = {isa = PBXBuildFile; fileRef = 99CF297821EC84AE000A9D3E /* YPPageView.swift */; };
		99CF297F21EC84AE000A9D3E /* YPContentView.swift in Sources */ = {isa = PBXBuildFile; fileRef = 99CF297921EC84AE000A9D3E /* YPContentView.swift */; };
		99CF298021EC84AE000A9D3E /* YPPageStyle.swift in Sources */ = {isa = PBXBuildFile; fileRef = 99CF297A21EC84AE000A9D3E /* YPPageStyle.swift */; };
		99CF298221EC850C000A9D3E /* UIColor-YPExtension.swift in Sources */ = {isa = PBXBuildFile; fileRef = 99CF298121EC850C000A9D3E /* UIColor-YPExtension.swift */; };
/* End PBXBuildFile section */

/* Begin PBXContainerItemProxy section */
		99CF295821EC8487000A9D3E /* PBXContainerItemProxy */ = {
			isa = PBXContainerItemProxy;
			containerPortal = 99CF293B21EC8485000A9D3E /* Project object */;
			proxyType = 1;
			remoteGlobalIDString = 99CF294221EC8485000A9D3E;
			remoteInfo = YPPageView;
		};
		99CF296321EC8487000A9D3E /* PBXContainerItemProxy */ = {
			isa = PBXContainerItemProxy;
			containerPortal = 99CF293B21EC8485000A9D3E /* Project object */;
			proxyType = 1;
			remoteGlobalIDString = 99CF294221EC8485000A9D3E;
			remoteInfo = YPPageView;
		};
/* End PBXContainerItemProxy section */

/* Begin PBXFileReference section */
		9951C94421ED85E900F8A401 /* YPTitleView.swift */ = {isa = PBXFileReference; fileEncoding = 4; lastKnownFileType = sourcecode.swift; path = YPTitleView.swift; sourceTree = "<group>"; };
		99CF294321EC8485000A9D3E /* YPPageView.app */ = {isa = PBXFileReference; explicitFileType = wrapper.application; includeInIndex = 0; path = YPPageView.app; sourceTree = BUILT_PRODUCTS_DIR; };
		99CF294621EC8485000A9D3E /* AppDelegate.swift */ = {isa = PBXFileReference; lastKnownFileType = sourcecode.swift; path = AppDelegate.swift; sourceTree = "<group>"; };
		99CF294821EC8485000A9D3E /* ViewController.swift */ = {isa = PBXFileReference; lastKnownFileType = sourcecode.swift; path = ViewController.swift; sourceTree = "<group>"; };
		99CF294B21EC8485000A9D3E /* Base */ = {isa = PBXFileReference; lastKnownFileType = file.storyboard; name = Base; path = Base.lproj/Main.storyboard; sourceTree = "<group>"; };
		99CF294D21EC8487000A9D3E /* Assets.xcassets */ = {isa = PBXFileReference; lastKnownFileType = folder.assetcatalog; path = Assets.xcassets; sourceTree = "<group>"; };
		99CF295021EC8487000A9D3E /* Base */ = {isa = PBXFileReference; lastKnownFileType = file.storyboard; name = Base; path = Base.lproj/LaunchScreen.storyboard; sourceTree = "<group>"; };
		99CF295221EC8487000A9D3E /* Info.plist */ = {isa = PBXFileReference; lastKnownFileType = text.plist.xml; path = Info.plist; sourceTree = "<group>"; };
		99CF295721EC8487000A9D3E /* YPPageViewTests.xctest */ = {isa = PBXFileReference; explicitFileType = wrapper.cfbundle; includeInIndex = 0; path = YPPageViewTests.xctest; sourceTree = BUILT_PRODUCTS_DIR; };
		99CF295B21EC8487000A9D3E /* YPPageViewTests.swift */ = {isa = PBXFileReference; lastKnownFileType = sourcecode.swift; path = YPPageViewTests.swift; sourceTree = "<group>"; };
		99CF295D21EC8487000A9D3E /* Info.plist */ = {isa = PBXFileReference; lastKnownFileType = text.plist.xml; path = Info.plist; sourceTree = "<group>"; };
		99CF296221EC8487000A9D3E /* YPPageViewUITests.xctest */ = {isa = PBXFileReference; explicitFileType = wrapper.cfbundle; includeInIndex = 0; path = YPPageViewUITests.xctest; sourceTree = BUILT_PRODUCTS_DIR; };
		99CF296621EC8487000A9D3E /* YPPageViewUITests.swift */ = {isa = PBXFileReference; lastKnownFileType = sourcecode.swift; path = YPPageViewUITests.swift; sourceTree = "<group>"; };
		99CF296821EC8487000A9D3E /* Info.plist */ = {isa = PBXFileReference; lastKnownFileType = text.plist.xml; path = Info.plist; sourceTree = "<group>"; };
		99CF297521EC84AE000A9D3E /* YPPageCollectionLayout.swift */ = {isa = PBXFileReference; fileEncoding = 4; lastKnownFileType = sourcecode.swift; path = YPPageCollectionLayout.swift; sourceTree = "<group>"; };
		99CF297621EC84AE000A9D3E /* YPPageCollectionView.swift */ = {isa = PBXFileReference; fileEncoding = 4; lastKnownFileType = sourcecode.swift; path = YPPageCollectionView.swift; sourceTree = "<group>"; };
		99CF297821EC84AE000A9D3E /* YPPageView.swift */ = {isa = PBXFileReference; fileEncoding = 4; lastKnownFileType = sourcecode.swift; path = YPPageView.swift; sourceTree = "<group>"; };
		99CF297921EC84AE000A9D3E /* YPContentView.swift */ = {isa = PBXFileReference; fileEncoding = 4; lastKnownFileType = sourcecode.swift; path = YPContentView.swift; sourceTree = "<group>"; };
		99CF297A21EC84AE000A9D3E /* YPPageStyle.swift */ = {isa = PBXFileReference; fileEncoding = 4; lastKnownFileType = sourcecode.swift; path = YPPageStyle.swift; sourceTree = "<group>"; };
		99CF298121EC850C000A9D3E /* UIColor-YPExtension.swift */ = {isa = PBXFileReference; fileEncoding = 4; lastKnownFileType = sourcecode.swift; path = "UIColor-YPExtension.swift"; sourceTree = "<group>"; };
/* End PBXFileReference section */

/* Begin PBXFrameworksBuildPhase section */
		99CF294021EC8485000A9D3E /* Frameworks */ = {
			isa = PBXFrameworksBuildPhase;
			buildActionMask = 2147483647;
			files = (
			);
			runOnlyForDeploymentPostprocessing = 0;
		};
		99CF295421EC8487000A9D3E /* Frameworks */ = {
			isa = PBXFrameworksBuildPhase;
			buildActionMask = 2147483647;
			files = (
			);
			runOnlyForDeploymentPostprocessing = 0;
		};
		99CF295F21EC8487000A9D3E /* Frameworks */ = {
			isa = PBXFrameworksBuildPhase;
			buildActionMask = 2147483647;
			files = (
			);
			runOnlyForDeploymentPostprocessing = 0;
		};
/* End PBXFrameworksBuildPhase section */

/* Begin PBXGroup section */
		99CF293A21EC8485000A9D3E = {
			isa = PBXGroup;
			children = (
				99CF294521EC8485000A9D3E /* YPPageView */,
				99CF295A21EC8487000A9D3E /* YPPageViewTests */,
				99CF296521EC8487000A9D3E /* YPPageViewUITests */,
				99CF294421EC8485000A9D3E /* Products */,
			);
			sourceTree = "<group>";
		};
		99CF294421EC8485000A9D3E /* Products */ = {
			isa = PBXGroup;
			children = (
				99CF294321EC8485000A9D3E /* YPPageView.app */,
				99CF295721EC8487000A9D3E /* YPPageViewTests.xctest */,
				99CF296221EC8487000A9D3E /* YPPageViewUITests.xctest */,
			);
			name = Products;
			sourceTree = "<group>";
		};
		99CF294521EC8485000A9D3E /* YPPageView */ = {
			isa = PBXGroup;
			children = (
				99CF297421EC84AE000A9D3E /* YPPageView */,
				99CF294621EC8485000A9D3E /* AppDelegate.swift */,
				99CF294821EC8485000A9D3E /* ViewController.swift */,
				99CF294A21EC8485000A9D3E /* Main.storyboard */,
				99CF294D21EC8487000A9D3E /* Assets.xcassets */,
				99CF294F21EC8487000A9D3E /* LaunchScreen.storyboard */,
				99CF295221EC8487000A9D3E /* Info.plist */,
			);
			path = YPPageView;
			sourceTree = "<group>";
		};
		99CF295A21EC8487000A9D3E /* YPPageViewTests */ = {
			isa = PBXGroup;
			children = (
				99CF295B21EC8487000A9D3E /* YPPageViewTests.swift */,
				99CF295D21EC8487000A9D3E /* Info.plist */,
			);
			path = YPPageViewTests;
			sourceTree = "<group>";
		};
		99CF296521EC8487000A9D3E /* YPPageViewUITests */ = {
			isa = PBXGroup;
			children = (
				99CF296621EC8487000A9D3E /* YPPageViewUITests.swift */,
				99CF296821EC8487000A9D3E /* Info.plist */,
			);
			path = YPPageViewUITests;
			sourceTree = "<group>";
		};
		99CF297421EC84AE000A9D3E /* YPPageView */ = {
			isa = PBXGroup;
			children = (
				99CF298121EC850C000A9D3E /* UIColor-YPExtension.swift */,
				99CF297521EC84AE000A9D3E /* YPPageCollectionLayout.swift */,
				99CF297621EC84AE000A9D3E /* YPPageCollectionView.swift */,
				99CF297821EC84AE000A9D3E /* YPPageView.swift */,
				99CF297921EC84AE000A9D3E /* YPContentView.swift */,
				99CF297A21EC84AE000A9D3E /* YPPageStyle.swift */,
				9951C94421ED85E900F8A401 /* YPTitleView.swift */,
			);
			path = YPPageView;
			sourceTree = "<group>";
		};
/* End PBXGroup section */

/* Begin PBXNativeTarget section */
		99CF294221EC8485000A9D3E /* YPPageView */ = {
			isa = PBXNativeTarget;
			buildConfigurationList = 99CF296B21EC8487000A9D3E /* Build configuration list for PBXNativeTarget "YPPageView" */;
			buildPhases = (
				99CF293F21EC8485000A9D3E /* Sources */,
				99CF294021EC8485000A9D3E /* Frameworks */,
				99CF294121EC8485000A9D3E /* Resources */,
			);
			buildRules = (
			);
			dependencies = (
			);
			name = YPPageView;
			productName = YPPageView;
			productReference = 99CF294321EC8485000A9D3E /* YPPageView.app */;
			productType = "com.apple.product-type.application";
		};
		99CF295621EC8487000A9D3E /* YPPageViewTests */ = {
			isa = PBXNativeTarget;
			buildConfigurationList = 99CF296E21EC8487000A9D3E /* Build configuration list for PBXNativeTarget "YPPageViewTests" */;
			buildPhases = (
				99CF295321EC8487000A9D3E /* Sources */,
				99CF295421EC8487000A9D3E /* Frameworks */,
				99CF295521EC8487000A9D3E /* Resources */,
			);
			buildRules = (
			);
			dependencies = (
				99CF295921EC8487000A9D3E /* PBXTargetDependency */,
			);
			name = YPPageViewTests;
			productName = YPPageViewTests;
			productReference = 99CF295721EC8487000A9D3E /* YPPageViewTests.xctest */;
			productType = "com.apple.product-type.bundle.unit-test";
		};
		99CF296121EC8487000A9D3E /* YPPageViewUITests */ = {
			isa = PBXNativeTarget;
			buildConfigurationList = 99CF297121EC8487000A9D3E /* Build configuration list for PBXNativeTarget "YPPageViewUITests" */;
			buildPhases = (
				99CF295E21EC8487000A9D3E /* Sources */,
				99CF295F21EC8487000A9D3E /* Frameworks */,
				99CF296021EC8487000A9D3E /* Resources */,
			);
			buildRules = (
			);
			dependencies = (
				99CF296421EC8487000A9D3E /* PBXTargetDependency */,
			);
			name = YPPageViewUITests;
			productName = YPPageViewUITests;
			productReference = 99CF296221EC8487000A9D3E /* YPPageViewUITests.xctest */;
			productType = "com.apple.product-type.bundle.ui-testing";
		};
/* End PBXNativeTarget section */

/* Begin PBXProject section */
		99CF293B21EC8485000A9D3E /* Project object */ = {
			isa = PBXProject;
			attributes = {
				LastSwiftUpdateCheck = 1010;
				LastUpgradeCheck = 1010;
				ORGANIZATIONNAME = LYP;
				TargetAttributes = {
					99CF294221EC8485000A9D3E = {
						CreatedOnToolsVersion = 10.1;
					};
					99CF295621EC8487000A9D3E = {
						CreatedOnToolsVersion = 10.1;
						TestTargetID = 99CF294221EC8485000A9D3E;
					};
					99CF296121EC8487000A9D3E = {
						CreatedOnToolsVersion = 10.1;
						TestTargetID = 99CF294221EC8485000A9D3E;
					};
				};
			};
			buildConfigurationList = 99CF293E21EC8485000A9D3E /* Build configuration list for PBXProject "YPPageView" */;
			compatibilityVersion = "Xcode 9.3";
			developmentRegion = en;
			hasScannedForEncodings = 0;
			knownRegions = (
				en,
				Base,
			);
			mainGroup = 99CF293A21EC8485000A9D3E;
			productRefGroup = 99CF294421EC8485000A9D3E /* Products */;
			projectDirPath = "";
			projectRoot = "";
			targets = (
				99CF294221EC8485000A9D3E /* YPPageView */,
				99CF295621EC8487000A9D3E /* YPPageViewTests */,
				99CF296121EC8487000A9D3E /* YPPageViewUITests */,
			);
		};
/* End PBXProject section */

/* Begin PBXResourcesBuildPhase section */
		99CF294121EC8485000A9D3E /* Resources */ = {
			isa = PBXResourcesBuildPhase;
			buildActionMask = 2147483647;
			files = (
				99CF295121EC8487000A9D3E /* LaunchScreen.storyboard in Resources */,
				99CF294E21EC8487000A9D3E /* Assets.xcassets in Resources */,
				99CF294C21EC8485000A9D3E /* Main.storyboard in Resources */,
			);
			runOnlyForDeploymentPostprocessing = 0;
		};
		99CF295521EC8487000A9D3E /* Resources */ = {
			isa = PBXResourcesBuildPhase;
			buildActionMask = 2147483647;
			files = (
			);
			runOnlyForDeploymentPostprocessing = 0;
		};
		99CF296021EC8487000A9D3E /* Resources */ = {
			isa = PBXResourcesBuildPhase;
			buildActionMask = 2147483647;
			files = (
			);
			runOnlyForDeploymentPostprocessing = 0;
		};
/* End PBXResourcesBuildPhase section */

/* Begin PBXSourcesBuildPhase section */
		99CF293F21EC8485000A9D3E /* Sources */ = {
			isa = PBXSourcesBuildPhase;
			buildActionMask = 2147483647;
			files = (
				99CF294921EC8485000A9D3E /* ViewController.swift in Sources */,
				99CF298221EC850C000A9D3E /* UIColor-YPExtension.swift in Sources */,
				9951C94521ED85E900F8A401 /* YPTitleView.swift in Sources */,
				99CF297B21EC84AE000A9D3E /* YPPageCollectionLayout.swift in Sources */,
				99CF298021EC84AE000A9D3E /* YPPageStyle.swift in Sources */,
				99CF297C21EC84AE000A9D3E /* YPPageCollectionView.swift in Sources */,
				99CF297E21EC84AE000A9D3E /* YPPageView.swift in Sources */,
				99CF297F21EC84AE000A9D3E /* YPContentView.swift in Sources */,
				99CF294721EC8485000A9D3E /* AppDelegate.swift in Sources */,
			);
			runOnlyForDeploymentPostprocessing = 0;
		};
		99CF295321EC8487000A9D3E /* Sources */ = {
			isa = PBXSourcesBuildPhase;
			buildActionMask = 2147483647;
			files = (
				99CF295C21EC8487000A9D3E /* YPPageViewTests.swift in Sources */,
			);
			runOnlyForDeploymentPostprocessing = 0;
		};
		99CF295E21EC8487000A9D3E /* Sources */ = {
			isa = PBXSourcesBuildPhase;
			buildActionMask = 2147483647;
			files = (
				99CF296721EC8487000A9D3E /* YPPageViewUITests.swift in Sources */,
			);
			runOnlyForDeploymentPostprocessing = 0;
		};
/* End PBXSourcesBuildPhase section */

/* Begin PBXTargetDependency section */
		99CF295921EC8487000A9D3E /* PBXTargetDependency */ = {
			isa = PBXTargetDependency;
			target = 99CF294221EC8485000A9D3E /* YPPageView */;
			targetProxy = 99CF295821EC8487000A9D3E /* PBXContainerItemProxy */;
		};
		99CF296421EC8487000A9D3E /* PBXTargetDependency */ = {
			isa = PBXTargetDependency;
			target = 99CF294221EC8485000A9D3E /* YPPageView */;
			targetProxy = 99CF296321EC8487000A9D3E /* PBXContainerItemProxy */;
		};
/* End PBXTargetDependency section */

/* Begin PBXVariantGroup section */
		99CF294A21EC8485000A9D3E /* Main.storyboard */ = {
			isa = PBXVariantGroup;
			children = (
				99CF294B21EC8485000A9D3E /* Base */,
			);
			name = Main.storyboard;
			sourceTree = "<group>";
		};
		99CF294F21EC8487000A9D3E /* LaunchScreen.storyboard */ = {
			isa = PBXVariantGroup;
			children = (
				99CF295021EC8487000A9D3E /* Base */,
			);
			name = LaunchScreen.storyboard;
			sourceTree = "<group>";
		};
/* End PBXVariantGroup section */

/* Begin XCBuildConfiguration section */
		99CF296921EC8487000A9D3E /* Debug */ = {
			isa = XCBuildConfiguration;
			buildSettings = {
				ALWAYS_SEARCH_USER_PATHS = NO;
				CLANG_ANALYZER_NONNULL = YES;
				CLANG_ANALYZER_NUMBER_OBJECT_CONVERSION = YES_AGGRESSIVE;
				CLANG_CXX_LANGUAGE_STANDARD = "gnu++14";
				CLANG_CXX_LIBRARY = "libc++";
				CLANG_ENABLE_MODULES = YES;
				CLANG_ENABLE_OBJC_ARC = YES;
				CLANG_ENABLE_OBJC_WEAK = YES;
				CLANG_WARN_BLOCK_CAPTURE_AUTORELEASING = YES;
				CLANG_WARN_BOOL_CONVERSION = YES;
				CLANG_WARN_COMMA = YES;
				CLANG_WARN_CONSTANT_CONVERSION = YES;
				CLANG_WARN_DEPRECATED_OBJC_IMPLEMENTATIONS = YES;
				CLANG_WARN_DIRECT_OBJC_ISA_USAGE = YES_ERROR;
				CLANG_WARN_DOCUMENTATION_COMMENTS = YES;
				CLANG_WARN_EMPTY_BODY = YES;
				CLANG_WARN_ENUM_CONVERSION = YES;
				CLANG_WARN_INFINITE_RECURSION = YES;
				CLANG_WARN_INT_CONVERSION = YES;
				CLANG_WARN_NON_LITERAL_NULL_CONVERSION = YES;
				CLANG_WARN_OBJC_IMPLICIT_RETAIN_SELF = YES;
				CLANG_WARN_OBJC_LITERAL_CONVERSION = YES;
				CLANG_WARN_OBJC_ROOT_CLASS = YES_ERROR;
				CLANG_WARN_RANGE_LOOP_ANALYSIS = YES;
				CLANG_WARN_STRICT_PROTOTYPES = YES;
				CLANG_WARN_SUSPICIOUS_MOVE = YES;
				CLANG_WARN_UNGUARDED_AVAILABILITY = YES_AGGRESSIVE;
				CLANG_WARN_UNREACHABLE_CODE = YES;
				CLANG_WARN__DUPLICATE_METHOD_MATCH = YES;
				CODE_SIGN_IDENTITY = "iPhone Developer";
				COPY_PHASE_STRIP = NO;
				DEBUG_INFORMATION_FORMAT = dwarf;
				ENABLE_STRICT_OBJC_MSGSEND = YES;
				ENABLE_TESTABILITY = YES;
				GCC_C_LANGUAGE_STANDARD = gnu11;
				GCC_DYNAMIC_NO_PIC = NO;
				GCC_NO_COMMON_BLOCKS = YES;
				GCC_OPTIMIZATION_LEVEL = 0;
				GCC_PREPROCESSOR_DEFINITIONS = (
					"DEBUG=1",
					"$(inherited)",
				);
				GCC_WARN_64_TO_32_BIT_CONVERSION = YES;
				GCC_WARN_ABOUT_RETURN_TYPE = YES_ERROR;
				GCC_WARN_UNDECLARED_SELECTOR = YES;
				GCC_WARN_UNINITIALIZED_AUTOS = YES_AGGRESSIVE;
				GCC_WARN_UNUSED_FUNCTION = YES;
				GCC_WARN_UNUSED_VARIABLE = YES;
				IPHONEOS_DEPLOYMENT_TARGET = 12.1;
				MTL_ENABLE_DEBUG_INFO = INCLUDE_SOURCE;
				MTL_FAST_MATH = YES;
				ONLY_ACTIVE_ARCH = YES;
				SDKROOT = iphoneos;
				SWIFT_ACTIVE_COMPILATION_CONDITIONS = DEBUG;
				SWIFT_OPTIMIZATION_LEVEL = "-Onone";
			};
			name = Debug;
		};
		99CF296A21EC8487000A9D3E /* Release */ = {
			isa = XCBuildConfiguration;
			buildSettings = {
				ALWAYS_SEARCH_USER_PATHS = NO;
				CLANG_ANALYZER_NONNULL = YES;
				CLANG_ANALYZER_NUMBER_OBJECT_CONVERSION = YES_AGGRESSIVE;
				CLANG_CXX_LANGUAGE_STANDARD = "gnu++14";
				CLANG_CXX_LIBRARY = "libc++";
				CLANG_ENABLE_MODULES = YES;
				CLANG_ENABLE_OBJC_ARC = YES;
				CLANG_ENABLE_OBJC_WEAK = YES;
				CLANG_WARN_BLOCK_CAPTURE_AUTORELEASING = YES;
				CLANG_WARN_BOOL_CONVERSION = YES;
				CLANG_WARN_COMMA = YES;
				CLANG_WARN_CONSTANT_CONVERSION = YES;
				CLANG_WARN_DEPRECATED_OBJC_IMPLEMENTATIONS = YES;
				CLANG_WARN_DIRECT_OBJC_ISA_USAGE = YES_ERROR;
				CLANG_WARN_DOCUMENTATION_COMMENTS = YES;
				CLANG_WARN_EMPTY_BODY = YES;
				CLANG_WARN_ENUM_CONVERSION = YES;
				CLANG_WARN_INFINITE_RECURSION = YES;
				CLANG_WARN_INT_CONVERSION = YES;
				CLANG_WARN_NON_LITERAL_NULL_CONVERSION = YES;
				CLANG_WARN_OBJC_IMPLICIT_RETAIN_SELF = YES;
				CLANG_WARN_OBJC_LITERAL_CONVERSION = YES;
				CLANG_WARN_OBJC_ROOT_CLASS = YES_ERROR;
				CLANG_WARN_RANGE_LOOP_ANALYSIS = YES;
				CLANG_WARN_STRICT_PROTOTYPES = YES;
				CLANG_WARN_SUSPICIOUS_MOVE = YES;
				CLANG_WARN_UNGUARDED_AVAILABILITY = YES_AGGRESSIVE;
				CLANG_WARN_UNREACHABLE_CODE = YES;
				CLANG_WARN__DUPLICATE_METHOD_MATCH = YES;
				CODE_SIGN_IDENTITY = "iPhone Developer";
				COPY_PHASE_STRIP = NO;
				DEBUG_INFORMATION_FORMAT = "dwarf-with-dsym";
				ENABLE_NS_ASSERTIONS = NO;
				ENABLE_STRICT_OBJC_MSGSEND = YES;
				GCC_C_LANGUAGE_STANDARD = gnu11;
				GCC_NO_COMMON_BLOCKS = YES;
				GCC_WARN_64_TO_32_BIT_CONVERSION = YES;
				GCC_WARN_ABOUT_RETURN_TYPE = YES_ERROR;
				GCC_WARN_UNDECLARED_SELECTOR = YES;
				GCC_WARN_UNINITIALIZED_AUTOS = YES_AGGRESSIVE;
				GCC_WARN_UNUSED_FUNCTION = YES;
				GCC_WARN_UNUSED_VARIABLE = YES;
				IPHONEOS_DEPLOYMENT_TARGET = 12.1;
				MTL_ENABLE_DEBUG_INFO = NO;
				MTL_FAST_MATH = YES;
				SDKROOT = iphoneos;
				SWIFT_COMPILATION_MODE = wholemodule;
				SWIFT_OPTIMIZATION_LEVEL = "-O";
				VALIDATE_PRODUCT = YES;
			};
			name = Release;
		};
		99CF296C21EC8487000A9D3E /* Debug */ = {
			isa = XCBuildConfiguration;
			buildSettings = {
				ASSETCATALOG_COMPILER_APPICON_NAME = AppIcon;
				CODE_SIGN_STYLE = Automatic;
				DEVELOPMENT_TEAM = DN43523GZM;
				INFOPLIST_FILE = YPPageView/Info.plist;
				IPHONEOS_DEPLOYMENT_TARGET = 9.0;
				LD_RUNPATH_SEARCH_PATHS = (
					"$(inherited)",
					"@executable_path/Frameworks",
				);
				PRODUCT_BUNDLE_IDENTIFIER = animal.;
				PRODUCT_NAME = "$(TARGET_NAME)";
				SWIFT_VERSION = 4.2;
				TARGETED_DEVICE_FAMILY = "1,2";
			};
			name = Debug;
		};
		99CF296D21EC8487000A9D3E /* Release */ = {
			isa = XCBuildConfiguration;
			buildSettings = {
				ASSETCATALOG_COMPILER_APPICON_NAME = AppIcon;
				CODE_SIGN_STYLE = Automatic;
				DEVELOPMENT_TEAM = DN43523GZM;
				INFOPLIST_FILE = YPPageView/Info.plist;
				IPHONEOS_DEPLOYMENT_TARGET = 9.0;
				LD_RUNPATH_SEARCH_PATHS = (
					"$(inherited)",
					"@executable_path/Frameworks",
				);
				PRODUCT_BUNDLE_IDENTIFIER = animal.;
				PRODUCT_NAME = "$(TARGET_NAME)";
				SWIFT_VERSION = 4.2;
				TARGETED_DEVICE_FAMILY = "1,2";
			};
			name = Release;
		};
		99CF296F21EC8487000A9D3E /* Debug */ = {
			isa = XCBuildConfiguration;
			buildSettings = {
				ALWAYS_EMBED_SWIFT_STANDARD_LIBRARIES = YES;
				BUNDLE_LOADER = "$(TEST_HOST)";
				CODE_SIGN_STYLE = Automatic;
				DEVELOPMENT_TEAM = DN43523GZM;
				INFOPLIST_FILE = YPPageViewTests/Info.plist;
				LD_RUNPATH_SEARCH_PATHS = (
					"$(inherited)",
					"@executable_path/Frameworks",
					"@loader_path/Frameworks",
				);
				PRODUCT_BUNDLE_IDENTIFIER = animal.YPPageViewTests;
				PRODUCT_NAME = "$(TARGET_NAME)";
				SWIFT_VERSION = 4.2;
				TARGETED_DEVICE_FAMILY = "1,2";
				TEST_HOST = "$(BUILT_PRODUCTS_DIR)/YPPageView.app/YPPageView";
			};
			name = Debug;
		};
		99CF297021EC8487000A9D3E /* Release */ = {
			isa = XCBuildConfiguration;
			buildSettings = {
				ALWAYS_EMBED_SWIFT_STANDARD_LIBRARIES = YES;
				BUNDLE_LOADER = "$(TEST_HOST)";
				CODE_SIGN_STYLE = Automatic;
				DEVELOPMENT_TEAM = DN43523GZM;
				INFOPLIST_FILE = YPPageViewTests/Info.plist;
				LD_RUNPATH_SEARCH_PATHS = (
					"$(inherited)",
					"@executable_path/Frameworks",
					"@loader_path/Frameworks",
				);
				PRODUCT_BUNDLE_IDENTIFIER = animal.YPPageViewTests;
				PRODUCT_NAME = "$(TARGET_NAME)";
				SWIFT_VERSION = 4.2;
				TARGETED_DEVICE_FAMILY = "1,2";
				TEST_HOST = "$(BUILT_PRODUCTS_DIR)/YPPageView.app/YPPageView";
			};
			name = Release;
		};
		99CF297221EC8487000A9D3E /* Debug */ = {
			isa = XCBuildConfiguration;
			buildSettings = {
				ALWAYS_EMBED_SWIFT_STANDARD_LIBRARIES = YES;
				CODE_SIGN_STYLE = Automatic;
				DEVELOPMENT_TEAM = DN43523GZM;
				INFOPLIST_FILE = YPPageViewUITests/Info.plist;
				LD_RUNPATH_SEARCH_PATHS = (
					"$(inherited)",
					"@executable_path/Frameworks",
					"@loader_path/Frameworks",
				);
				PRODUCT_BUNDLE_IDENTIFIER = animal.YPPageViewUITests;
				PRODUCT_NAME = "$(TARGET_NAME)";
				SWIFT_VERSION = 4.2;
				TARGETED_DEVICE_FAMILY = "1,2";
				TEST_TARGET_NAME = YPPageView;
			};
			name = Debug;
		};
		99CF297321EC8487000A9D3E /* Release */ = {
			isa = XCBuildConfiguration;
			buildSettings = {
				ALWAYS_EMBED_SWIFT_STANDARD_LIBRARIES = YES;
				CODE_SIGN_STYLE = Automatic;
				DEVELOPMENT_TEAM = DN43523GZM;
				INFOPLIST_FILE = YPPageViewUITests/Info.plist;
				LD_RUNPATH_SEARCH_PATHS = (
					"$(inherited)",
					"@executable_path/Frameworks",
					"@loader_path/Frameworks",
				);
				PRODUCT_BUNDLE_IDENTIFIER = animal.YPPageViewUITests;
				PRODUCT_NAME = "$(TARGET_NAME)";
				SWIFT_VERSION = 4.2;
				TARGETED_DEVICE_FAMILY = "1,2";
				TEST_TARGET_NAME = YPPageView;
			};
			name = Release;
		};
/* End XCBuildConfiguration section */

/* Begin XCConfigurationList section */
		99CF293E21EC8485000A9D3E /* Build configuration list for PBXProject "YPPageView" */ = {
			isa = XCConfigurationList;
			buildConfigurations = (
				99CF296921EC8487000A9D3E /* Debug */,
				99CF296A21EC8487000A9D3E /* Release */,
			);
			defaultConfigurationIsVisible = 0;
			defaultConfigurationName = Release;
		};
		99CF296B21EC8487000A9D3E /* Build configuration list for PBXNativeTarget "YPPageView" */ = {
			isa = XCConfigurationList;
			buildConfigurations = (
				99CF296C21EC8487000A9D3E /* Debug */,
				99CF296D21EC8487000A9D3E /* Release */,
			);
			defaultConfigurationIsVisible = 0;
			defaultConfigurationName = Release;
		};
		99CF296E21EC8487000A9D3E /* Build configuration list for PBXNativeTarget "YPPageViewTests" */ = {
			isa = XCConfigurationList;
			buildConfigurations = (
				99CF296F21EC8487000A9D3E /* Debug */,
				99CF297021EC8487000A9D3E /* Release */,
			);
			defaultConfigurationIsVisible = 0;
			defaultConfigurationName = Release;
		};
		99CF297121EC8487000A9D3E /* Build configuration list for PBXNativeTarget "YPPageViewUITests" */ = {
			isa = XCConfigurationList;
			buildConfigurations = (
				99CF297221EC8487000A9D3E /* Debug */,
				99CF297321EC8487000A9D3E /* Release */,
			);
			defaultConfigurationIsVisible = 0;
			defaultConfigurationName = Release;
		};
/* End XCConfigurationList section */
	};
	rootObject = 99CF293B21EC8485000A9D3E /* Project object */;
}
